
Microsoft Visual Studio Solution File, Format Version 12.00
# Visual Studio 14
VisualStudioVersion = 14.0.25123.0
MinimumVisualStudioVersion = 10.0.40219.1
Project("{FAE04EC0-301F-11D3-BF4B-00C04F79EFBC}") = "Demo_Delegate", "Demo_Delegate\Demo_Delegate.csproj", "{43791EE9-EC7D-4E54-A5F6-B028FDD774E7}"
EndProject
Global
	GlobalSection(SolutionConfigurationPlatforms) = preSolution
		Debug|Any CPU = Debug|Any CPU
		Release|Any CPU = Release|Any CPU
	EndGlobalSection
	GlobalSection(ProjectConfigurationPlatforms) = postSolution
		{43791EE9-EC7D-4E54-A5F6-B028FDD774E7}.Debug|Any CPU.ActiveCfg = Debug|Any CPU
		{43791EE9-EC7D-4E54-A5F6-B028FDD774E7}.Debug|Any CPU.Build.0 = Debug|Any CPU
		{43791EE9-EC7D-4E54-A5F6-B028FDD774E7}.Release|Any CPU.ActiveCfg = Release|Any CPU
		{43791EE9-EC7D-4E54-A5F6-B028FDD774E7}.Release|Any CPU.Build.0 = Release|Any CPU
	EndGlobalSection
	GlobalSection(SolutionProperties) = preSolution
		HideSolutionNode = FALSE
	EndGlobalSection
EndGlobal
